
Microsoft Visual Studio Solution File, Format Version 12.00
# Visual Studio Version 16
VisualStudioVersion = 16.0.30011.22
MinimumVisualStudioVersion = 10.0.40219.1
Project("{9A19103F-16F7-4668-BE54-9A1E7A4F7556}") = "TravelMeaning.Models", "TravelMeaning.Models\TravelMeaning.Models.csproj", "{C1AC21A6-2D76-4F22-9417-6BCE48CB387C}"
EndProject
Project("{FAE04EC0-301F-11D3-BF4B-00C04F79EFBC}") = "TravelMeaning.Web", "TravelMeaning.Web\TravelMeaning.Web.csproj", "{45D843CE-9536-433B-99B5-830A0E1A6767}"
EndProject
Global
	GlobalSection(SolutionConfigurationPlatforms) = preSolution
		Debug|Any CPU = Debug|Any CPU
		Release|Any CPU = Release|Any CPU
	EndGlobalSection
	GlobalSection(ProjectConfigurationPlatforms) = postSolution
		{C1AC21A6-2D76-4F22-9417-6BCE48CB387C}.Debug|Any CPU.ActiveCfg = Debug|Any CPU
		{C1AC21A6-2D76-4F22-9417-6BCE48CB387C}.Debug|Any CPU.Build.0 = Debug|Any CPU
		{C1AC21A6-2D76-4F22-9417-6BCE48CB387C}.Release|Any CPU.ActiveCfg = Release|Any CPU
		{C1AC21A6-2D76-4F22-9417-6BCE48CB387C}.Release|Any CPU.Build.0 = Release|Any CPU
		{45D843CE-9536-433B-99B5-830A0E1A6767}.Debug|Any CPU.ActiveCfg = Debug|Any CPU
		{45D843CE-9536-433B-99B5-830A0E1A6767}.Debug|Any CPU.Build.0 = Debug|Any CPU
		{45D843CE-9536-433B-99B5-830A0E1A6767}.Release|Any CPU.ActiveCfg = Release|Any CPU
		{45D843CE-9536-433B-99B5-830A0E1A6767}.Release|Any CPU.Build.0 = Release|Any CPU
	EndGlobalSection
	GlobalSection(SolutionProperties) = preSolution
		HideSolutionNode = FALSE
	EndGlobalSection
	GlobalSection(ExtensibilityGlobals) = postSolution
		SolutionGuid = {27807A88-459F-4AC2-A142-8A47E05D67FC}
	EndGlobalSection
EndGlobal
